// !$*UTF8*$!
{
	archiveVersion = 1;
	classes = {
	};
	objectVersion = 46;
	objects = {

/* Begin PBXBuildFile section */
		319EE2A71B384E05005CB637 /* main.m in Sources */ = {isa = PBXBuildFile; fileRef = 319EE2A61B384E05005CB637 /* main.m */; };
		319EE2AA1B384E05005CB637 /* AppDelegate.m in Sources */ = {isa = PBXBuildFile; fileRef = 319EE2A91B384E05005CB637 /* AppDelegate.m */; };
		319EE2AD1B384E05005CB637 /* SplashViewController.m in Sources */ = {isa = PBXBuildFile; fileRef = 319EE2AC1B384E05005CB637 /* SplashViewController.m */; };
		319EE2B01B384E05005CB637 /* Main.storyboard in Resources */ = {isa = PBXBuildFile; fileRef = 319EE2AE1B384E05005CB637 /* Main.storyboard */; };
		319EE2B21B384E05005CB637 /* Images.xcassets in Resources */ = {isa = PBXBuildFile; fileRef = 319EE2B11B384E05005CB637 /* Images.xcassets */; };
		319EE2B51B384E05005CB637 /* LaunchScreen.xib in Resources */ = {isa = PBXBuildFile; fileRef = 319EE2B31B384E05005CB637 /* LaunchScreen.xib */; };
		319EE2C11B384E05005CB637 /* TesteCipherTests.m in Sources */ = {isa = PBXBuildFile; fileRef = 319EE2C01B384E05005CB637 /* TesteCipherTests.m */; };
		319EE2CF1B387FF6005CB637 /* BusyIndicatorController.m in Sources */ = {isa = PBXBuildFile; fileRef = 319EE2CE1B387FF6005CB637 /* BusyIndicatorController.m */; };
		319EE2D41B388049005CB637 /* Reachability.m in Sources */ = {isa = PBXBuildFile; fileRef = 319EE2D21B388049005CB637 /* Reachability.m */; };
		319EE2D71B38805B005CB637 /* NetworkConnectionMonitor.m in Sources */ = {isa = PBXBuildFile; fileRef = 319EE2D61B38805B005CB637 /* NetworkConnectionMonitor.m */; };
		319EE2DB1B389862005CB637 /* ViewController.m in Sources */ = {isa = PBXBuildFile; fileRef = 319EE2DA1B389862005CB637 /* ViewController.m */; };
/* End PBXBuildFile section */

/* Begin PBXContainerItemProxy section */
		319EE2BB1B384E05005CB637 /* PBXContainerItemProxy */ = {
			isa = PBXContainerItemProxy;
			containerPortal = 319EE2991B384E05005CB637 /* Project object */;
			proxyType = 1;
			remoteGlobalIDString = 319EE2A01B384E05005CB637;
			remoteInfo = TesteCipher;
		};
/* End PBXContainerItemProxy section */

/* Begin PBXFileReference section */
		319EE2A11B384E05005CB637 /* TesteCipher.app */ = {isa = PBXFileReference; explicitFileType = wrapper.application; includeInIndex = 0; path = TesteCipher.app; sourceTree = BUILT_PRODUCTS_DIR; };
		319EE2A51B384E05005CB637 /* Info.plist */ = {isa = PBXFileReference; lastKnownFileType = text.plist.xml; path = Info.plist; sourceTree = "<group>"; };
		319EE2A61B384E05005CB637 /* main.m */ = {isa = PBXFileReference; lastKnownFileType = sourcecode.c.objc; path = main.m; sourceTree = "<group>"; };
		319EE2A81B384E05005CB637 /* AppDelegate.h */ = {isa = PBXFileReference; lastKnownFileType = sourcecode.c.h; path = AppDelegate.h; sourceTree = "<group>"; };
		319EE2A91B384E05005CB637 /* AppDelegate.m */ = {isa = PBXFileReference; lastKnownFileType = sourcecode.c.objc; path = AppDelegate.m; sourceTree = "<group>"; };
		319EE2AB1B384E05005CB637 /* SplashViewController.h */ = {isa = PBXFileReference; lastKnownFileType = sourcecode.c.h; path = SplashViewController.h; sourceTree = "<group>"; };
		319EE2AC1B384E05005CB637 /* SplashViewController.m */ = {isa = PBXFileReference; lastKnownFileType = sourcecode.c.objc; path = SplashViewController.m; sourceTree = "<group>"; };
		319EE2AF1B384E05005CB637 /* Base */ = {isa = PBXFileReference; lastKnownFileType = file.storyboard; name = Base; path = Base.lproj/Main.storyboard; sourceTree = "<group>"; };
		319EE2B11B384E05005CB637 /* Images.xcassets */ = {isa = PBXFileReference; lastKnownFileType = folder.assetcatalog; path = Images.xcassets; sourceTree = "<group>"; };
		319EE2B41B384E05005CB637 /* Base */ = {isa = PBXFileReference; lastKnownFileType = file.xib; name = Base; path = Base.lproj/LaunchScreen.xib; sourceTree = "<group>"; };
		319EE2BA1B384E05005CB637 /* TesteCipherTests.xctest */ = {isa = PBXFileReference; explicitFileType = wrapper.cfbundle; includeInIndex = 0; path = TesteCipherTests.xctest; sourceTree = BUILT_PRODUCTS_DIR; };
		319EE2BF1B384E05005CB637 /* Info.plist */ = {isa = PBXFileReference; lastKnownFileType = text.plist.xml; path = Info.plist; sourceTree = "<group>"; };
		319EE2C01B384E05005CB637 /* TesteCipherTests.m */ = {isa = PBXFileReference; lastKnownFileType = sourcecode.c.objc; path = TesteCipherTests.m; sourceTree = "<group>"; };
		319EE2CD1B387FF6005CB637 /* BusyIndicatorController.h */ = {isa = PBXFileReference; fileEncoding = 4; lastKnownFileType = sourcecode.c.h; path = BusyIndicatorController.h; sourceTree = "<group>"; };
		319EE2CE1B387FF6005CB637 /* BusyIndicatorController.m */ = {isa = PBXFileReference; fileEncoding = 4; lastKnownFileType = sourcecode.c.objc; path = BusyIndicatorController.m; sourceTree = "<group>"; };
		319EE2D11B388049005CB637 /* Reachability-Prefix.pch */ = {isa = PBXFileReference; fileEncoding = 4; lastKnownFileType = sourcecode.c.h; path = "Reachability-Prefix.pch"; sourceTree = "<group>"; };
		319EE2D21B388049005CB637 /* Reachability.m */ = {isa = PBXFileReference; fileEncoding = 4; lastKnownFileType = sourcecode.c.objc; path = Reachability.m; sourceTree = "<group>"; };
		319EE2D31B388049005CB637 /* Reachability.h */ = {isa = PBXFileReference; fileEncoding = 4; lastKnownFileType = sourcecode.c.h; path = Reachability.h; sourceTree = "<group>"; };
		319EE2D51B38805B005CB637 /* NetworkConnectionMonitor.h */ = {isa = PBXFileReference; fileEncoding = 4; lastKnownFileType = sourcecode.c.h; path = NetworkConnectionMonitor.h; sourceTree = "<group>"; };
		319EE2D61B38805B005CB637 /* NetworkConnectionMonitor.m */ = {isa = PBXFileReference; fileEncoding = 4; lastKnownFileType = sourcecode.c.objc; path = NetworkConnectionMonitor.m; sourceTree = "<group>"; };
		319EE2D91B389862005CB637 /* ViewController.h */ = {isa = PBXFileReference; fileEncoding = 4; lastKnownFileType = sourcecode.c.h; path = ViewController.h; sourceTree = "<group>"; };
		319EE2DA1B389862005CB637 /* ViewController.m */ = {isa = PBXFileReference; fileEncoding = 4; lastKnownFileType = sourcecode.c.objc; path = ViewController.m; sourceTree = "<group>"; };
/* End PBXFileReference section */

/* Begin PBXFrameworksBuildPhase section */
		319EE29E1B384E05005CB637 /* Frameworks */ = {
			isa = PBXFrameworksBuildPhase;
			buildActionMask = 2147483647;
			files = (
			);
			runOnlyForDeploymentPostprocessing = 0;
		};
		319EE2B71B384E05005CB637 /* Frameworks */ = {
			isa = PBXFrameworksBuildPhase;
			buildActionMask = 2147483647;
			files = (
			);
			runOnlyForDeploymentPostprocessing = 0;
		};
/* End PBXFrameworksBuildPhase section */

/* Begin PBXGroup section */
		319EE2981B384E05005CB637 = {
			isa = PBXGroup;
			children = (
				319EE2A31B384E05005CB637 /* TesteCipher */,
				319EE2BD1B384E05005CB637 /* TesteCipherTests */,
				319EE2A21B384E05005CB637 /* Products */,
			);
			sourceTree = "<group>";
		};
		319EE2A21B384E05005CB637 /* Products */ = {
			isa = PBXGroup;
			children = (
				319EE2A11B384E05005CB637 /* TesteCipher.app */,
				319EE2BA1B384E05005CB637 /* TesteCipherTests.xctest */,
			);
			name = Products;
			sourceTree = "<group>";
		};
		319EE2A31B384E05005CB637 /* TesteCipher */ = {
			isa = PBXGroup;
			children = (
				319EE2D01B387FFB005CB637 /* Components */,
				319EE2A81B384E05005CB637 /* AppDelegate.h */,
				319EE2A91B384E05005CB637 /* AppDelegate.m */,
				319EE2D91B389862005CB637 /* ViewController.h */,
				319EE2DA1B389862005CB637 /* ViewController.m */,
				319EE2AB1B384E05005CB637 /* SplashViewController.h */,
				319EE2AC1B384E05005CB637 /* SplashViewController.m */,
				319EE2AE1B384E05005CB637 /* Main.storyboard */,
				319EE2B11B384E05005CB637 /* Images.xcassets */,
				319EE2B31B384E05005CB637 /* LaunchScreen.xib */,
				319EE2A41B384E05005CB637 /* Supporting Files */,
			);
			path = TesteCipher;
			sourceTree = "<group>";
		};
		319EE2A41B384E05005CB637 /* Supporting Files */ = {
			isa = PBXGroup;
			children = (
				319EE2A51B384E05005CB637 /* Info.plist */,
				319EE2A61B384E05005CB637 /* main.m */,
			);
			name = "Supporting Files";
			sourceTree = "<group>";
		};
		319EE2BD1B384E05005CB637 /* TesteCipherTests */ = {
			isa = PBXGroup;
			children = (
				319EE2C01B384E05005CB637 /* TesteCipherTests.m */,
				319EE2BE1B384E05005CB637 /* Supporting Files */,
			);
			path = TesteCipherTests;
			sourceTree = "<group>";
		};
		319EE2BE1B384E05005CB637 /* Supporting Files */ = {
			isa = PBXGroup;
			children = (
				319EE2BF1B384E05005CB637 /* Info.plist */,
			);
			name = "Supporting Files";
			sourceTree = "<group>";
		};
		319EE2D01B387FFB005CB637 /* Components */ = {
			isa = PBXGroup;
			children = (
				319EE2D81B3880BE005CB637 /* Third Party */,
				319EE2CD1B387FF6005CB637 /* BusyIndicatorController.h */,
				319EE2CE1B387FF6005CB637 /* BusyIndicatorController.m */,
				319EE2D51B38805B005CB637 /* NetworkConnectionMonitor.h */,
				319EE2D61B38805B005CB637 /* NetworkConnectionMonitor.m */,
			);
			name = Components;
			sourceTree = "<group>";
		};
		319EE2D81B3880BE005CB637 /* Third Party */ = {
			isa = PBXGroup;
			children = (
				319EE2D11B388049005CB637 /* Reachability-Prefix.pch */,
				319EE2D21B388049005CB637 /* Reachability.m */,
				319EE2D31B388049005CB637 /* Reachability.h */,
			);
			name = "Third Party";
			sourceTree = "<group>";
		};
/* End PBXGroup section */

/* Begin PBXNativeTarget section */
		319EE2A01B384E05005CB637 /* TesteCipher */ = {
			isa = PBXNativeTarget;
			buildConfigurationList = 319EE2C41B384E05005CB637 /* Build configuration list for PBXNativeTarget "TesteCipher" */;
			buildPhases = (
				319EE29D1B384E05005CB637 /* Sources */,
				319EE29E1B384E05005CB637 /* Frameworks */,
				319EE29F1B384E05005CB637 /* Resources */,
			);
			buildRules = (
			);
			dependencies = (
			);
			name = TesteCipher;
			productName = TesteCipher;
			productReference = 319EE2A11B384E05005CB637 /* TesteCipher.app */;
			productType = "com.apple.product-type.application";
		};
		319EE2B91B384E05005CB637 /* TesteCipherTests */ = {
			isa = PBXNativeTarget;
			buildConfigurationList = 319EE2C71B384E05005CB637 /* Build configuration list for PBXNativeTarget "TesteCipherTests" */;
			buildPhases = (
				319EE2B61B384E05005CB637 /* Sources */,
				319EE2B71B384E05005CB637 /* Frameworks */,
				319EE2B81B384E05005CB637 /* Resources */,
			);
			buildRules = (
			);
			dependencies = (
				319EE2BC1B384E05005CB637 /* PBXTargetDependency */,
			);
			name = TesteCipherTests;
			productName = TesteCipherTests;
			productReference = 319EE2BA1B384E05005CB637 /* TesteCipherTests.xctest */;
			productType = "com.apple.product-type.bundle.unit-test";
		};
/* End PBXNativeTarget section */

/* Begin PBXProject section */
		319EE2991B384E05005CB637 /* Project object */ = {
			isa = PBXProject;
			attributes = {
				LastUpgradeCheck = 0630;
				ORGANIZATIONNAME = "TVTiOS-01";
				TargetAttributes = {
					319EE2A01B384E05005CB637 = {
						CreatedOnToolsVersion = 6.3.2;
						DevelopmentTeam = FQN6Y4SF92;
					};
					319EE2B91B384E05005CB637 = {
						CreatedOnToolsVersion = 6.3.2;
						TestTargetID = 319EE2A01B384E05005CB637;
					};
				};
			};
			buildConfigurationList = 319EE29C1B384E05005CB637 /* Build configuration list for PBXProject "TesteCipher" */;
			compatibilityVersion = "Xcode 3.2";
			developmentRegion = English;
			hasScannedForEncodings = 0;
			knownRegions = (
				en,
				Base,
			);
			mainGroup = 319EE2981B384E05005CB637;
			productRefGroup = 319EE2A21B384E05005CB637 /* Products */;
			projectDirPath = "";
			projectRoot = "";
			targets = (
				319EE2A01B384E05005CB637 /* TesteCipher */,
				319EE2B91B384E05005CB637 /* TesteCipherTests */,
			);
		};
/* End PBXProject section */

/* Begin PBXResourcesBuildPhase section */
		319EE29F1B384E05005CB637 /* Resources */ = {
			isa = PBXResourcesBuildPhase;
			buildActionMask = 2147483647;
			files = (
				319EE2B01B384E05005CB637 /* Main.storyboard in Resources */,
				319EE2B51B384E05005CB637 /* LaunchScreen.xib in Resources */,
				319EE2B21B384E05005CB637 /* Images.xcassets in Resources */,
			);
			runOnlyForDeploymentPostprocessing = 0;
		};
		319EE2B81B384E05005CB637 /* Resources */ = {
			isa = PBXResourcesBuildPhase;
			buildActionMask = 2147483647;
			files = (
			);
			runOnlyForDeploymentPostprocessing = 0;
		};
/* End PBXResourcesBuildPhase section */

/* Begin PBXSourcesBuildPhase section */
		319EE29D1B384E05005CB637 /* Sources */ = {
			isa = PBXSourcesBuildPhase;
			buildActionMask = 2147483647;
			files = (
				319EE2DB1B389862005CB637 /* ViewController.m in Sources */,
				319EE2CF1B387FF6005CB637 /* BusyIndicatorController.m in Sources */,
				319EE2D71B38805B005CB637 /* NetworkConnectionMonitor.m in Sources */,
				319EE2AD1B384E05005CB637 /* SplashViewController.m in Sources */,
				319EE2AA1B384E05005CB637 /* AppDelegate.m in Sources */,
				319EE2A71B384E05005CB637 /* main.m in Sources */,
				319EE2D41B388049005CB637 /* Reachability.m in Sources */,
			);
			runOnlyForDeploymentPostprocessing = 0;
		};
		319EE2B61B384E05005CB637 /* Sources */ = {
			isa = PBXSourcesBuildPhase;
			buildActionMask = 2147483647;
			files = (
				319EE2C11B384E05005CB637 /* TesteCipherTests.m in Sources */,
			);
			runOnlyForDeploymentPostprocessing = 0;
		};
/* End PBXSourcesBuildPhase section */

/* Begin PBXTargetDependency section */
		319EE2BC1B384E05005CB637 /* PBXTargetDependency */ = {
			isa = PBXTargetDependency;
			target = 319EE2A01B384E05005CB637 /* TesteCipher */;
			targetProxy = 319EE2BB1B384E05005CB637 /* PBXContainerItemProxy */;
		};
/* End PBXTargetDependency section */

/* Begin PBXVariantGroup section */
		319EE2AE1B384E05005CB637 /* Main.storyboard */ = {
			isa = PBXVariantGroup;
			children = (
				319EE2AF1B384E05005CB637 /* Base */,
			);
			name = Main.storyboard;
			sourceTree = "<group>";
		};
		319EE2B31B384E05005CB637 /* LaunchScreen.xib */ = {
			isa = PBXVariantGroup;
			children = (
				319EE2B41B384E05005CB637 /* Base */,
			);
			name = LaunchScreen.xib;
			sourceTree = "<group>";
		};
/* End PBXVariantGroup section */

/* Begin XCBuildConfiguration section */
		319EE2C21B384E05005CB637 /* Debug */ = {
			isa = XCBuildConfiguration;
			buildSettings = {
				ALWAYS_SEARCH_USER_PATHS = NO;
				CLANG_CXX_LANGUAGE_STANDARD = "gnu++0x";
				CLANG_CXX_LIBRARY = "libc++";
				CLANG_ENABLE_MODULES = YES;
				CLANG_ENABLE_OBJC_ARC = YES;
				CLANG_WARN_BOOL_CONVERSION = YES;
				CLANG_WARN_CONSTANT_CONVERSION = YES;
				CLANG_WARN_DIRECT_OBJC_ISA_USAGE = YES_ERROR;
				CLANG_WARN_EMPTY_BODY = YES;
				CLANG_WARN_ENUM_CONVERSION = YES;
				CLANG_WARN_INT_CONVERSION = YES;
				CLANG_WARN_OBJC_ROOT_CLASS = YES_ERROR;
				CLANG_WARN_UNREACHABLE_CODE = YES;
				CLANG_WARN__DUPLICATE_METHOD_MATCH = YES;
				"CODE_SIGN_IDENTITY[sdk=iphoneos*]" = "iPhone Developer";
				COPY_PHASE_STRIP = NO;
				DEBUG_INFORMATION_FORMAT = "dwarf-with-dsym";
				ENABLE_STRICT_OBJC_MSGSEND = YES;
				GCC_C_LANGUAGE_STANDARD = gnu99;
				GCC_DYNAMIC_NO_PIC = NO;
				GCC_NO_COMMON_BLOCKS = YES;
				GCC_OPTIMIZATION_LEVEL = 0;
				GCC_PREPROCESSOR_DEFINITIONS = (
					"DEBUG=1",
					"$(inherited)",
				);
				GCC_SYMBOLS_PRIVATE_EXTERN = NO;
				GCC_WARN_64_TO_32_BIT_CONVERSION = YES;
				GCC_WARN_ABOUT_RETURN_TYPE = YES_ERROR;
				GCC_WARN_UNDECLARED_SELECTOR = YES;
				GCC_WARN_UNINITIALIZED_AUTOS = YES_AGGRESSIVE;
				GCC_WARN_UNUSED_FUNCTION = YES;
				GCC_WARN_UNUSED_VARIABLE = YES;
				IPHONEOS_DEPLOYMENT_TARGET = 8.3;
				MTL_ENABLE_DEBUG_INFO = YES;
				ONLY_ACTIVE_ARCH = YES;
				SDKROOT = iphoneos;
				TARGETED_DEVICE_FAMILY = 2;
			};
			name = Debug;
		};
		319EE2C31B384E05005CB637 /* Release */ = {
			isa = XCBuildConfiguration;
			buildSettings = {
				ALWAYS_SEARCH_USER_PATHS = NO;
				CLANG_CXX_LANGUAGE_STANDARD = "gnu++0x";
				CLANG_CXX_LIBRARY = "libc++";
				CLANG_ENABLE_MODULES = YES;
				CLANG_ENABLE_OBJC_ARC = YES;
				CLANG_WARN_BOOL_CONVERSION = YES;
				CLANG_WARN_CONSTANT_CONVERSION = YES;
				CLANG_WARN_DIRECT_OBJC_ISA_USAGE = YES_ERROR;
				CLANG_WARN_EMPTY_BODY = YES;
				CLANG_WARN_ENUM_CONVERSION = YES;
				CLANG_WARN_INT_CONVERSION = YES;
				CLANG_WARN_OBJC_ROOT_CLASS = YES_ERROR;
				CLANG_WARN_UNREACHABLE_CODE = YES;
				CLANG_WARN__DUPLICATE_METHOD_MATCH = YES;
				"CODE_SIGN_IDENTITY[sdk=iphoneos*]" = "iPhone Developer";
				COPY_PHASE_STRIP = NO;
				DEBUG_INFORMATION_FORMAT = "dwarf-with-dsym";
				ENABLE_NS_ASSERTIONS = NO;
				ENABLE_STRICT_OBJC_MSGSEND = YES;
				GCC_C_LANGUAGE_STANDARD = gnu99;
				GCC_NO_COMMON_BLOCKS = YES;
				GCC_WARN_64_TO_32_BIT_CONVERSION = YES;
				GCC_WARN_ABOUT_RETURN_TYPE = YES_ERROR;
				GCC_WARN_UNDECLARED_SELECTOR = YES;
				GCC_WARN_UNINITIALIZED_AUTOS = YES_AGGRESSIVE;
				GCC_WARN_UNUSED_FUNCTION = YES;
				GCC_WARN_UNUSED_VARIABLE = YES;
				IPHONEOS_DEPLOYMENT_TARGET = 8.3;
				MTL_ENABLE_DEBUG_INFO = NO;
				SDKROOT = iphoneos;
				TARGETED_DEVICE_FAMILY = 2;
				VALIDATE_PRODUCT = YES;
			};
			name = Release;
		};
		319EE2C51B384E05005CB637 /* Debug */ = {
			isa = XCBuildConfiguration;
			buildSettings = {
				ASSETCATALOG_COMPILER_APPICON_NAME = AppIcon;
				CODE_SIGN_IDENTITY = "iPhone Developer";
				INFOPLIST_FILE = TesteCipher/Info.plist;
				LD_RUNPATH_SEARCH_PATHS = "$(inherited) @executable_path/Frameworks";
				PRODUCT_NAME = "$(TARGET_NAME)";
				TARGETED_DEVICE_FAMILY = "1,2";
			};
			name = Debug;
		};
		319EE2C61B384E05005CB637 /* Release */ = {
			isa = XCBuildConfiguration;
			buildSettings = {
				ASSETCATALOG_COMPILER_APPICON_NAME = AppIcon;
				CODE_SIGN_IDENTITY = "iPhone Developer";
				INFOPLIST_FILE = TesteCipher/Info.plist;
				LD_RUNPATH_SEARCH_PATHS = "$(inherited) @executable_path/Frameworks";
				PRODUCT_NAME = "$(TARGET_NAME)";
				TARGETED_DEVICE_FAMILY = "1,2";
			};
			name = Release;
		};
		319EE2C81B384E05005CB637 /* Debug */ = {
			isa = XCBuildConfiguration;
			buildSettings = {
				BUNDLE_LOADER = "$(TEST_HOST)";
				FRAMEWORK_SEARCH_PATHS = (
					"$(SDKROOT)/Developer/Library/Frameworks",
					"$(inherited)",
				);
				GCC_PREPROCESSOR_DEFINITIONS = (
					"DEBUG=1",
					"$(inherited)",
				);
				INFOPLIST_FILE = TesteCipherTests/Info.plist;
				LD_RUNPATH_SEARCH_PATHS = "$(inherited) @executable_path/Frameworks @loader_path/Frameworks";
				PRODUCT_NAME = "$(TARGET_NAME)";
				TEST_HOST = "$(BUILT_PRODUCTS_DIR)/TesteCipher.app/TesteCipher";
			};
			name = Debug;
		};
		319EE2C91B384E05005CB637 /* Release */ = {
			isa = XCBuildConfiguration;
			buildSettings = {
				BUNDLE_LOADER = "$(TEST_HOST)";
				FRAMEWORK_SEARCH_PATHS = (
					"$(SDKROOT)/Developer/Library/Frameworks",
					"$(inherited)",
				);
				INFOPLIST_FILE = TesteCipherTests/Info.plist;
				LD_RUNPATH_SEARCH_PATHS = "$(inherited) @executable_path/Frameworks @loader_path/Frameworks";
				PRODUCT_NAME = "$(TARGET_NAME)";
				TEST_HOST = "$(BUILT_PRODUCTS_DIR)/TesteCipher.app/TesteCipher";
			};
			name = Release;
		};
/* End XCBuildConfiguration section */

/* Begin XCConfigurationList section */
		319EE29C1B384E05005CB637 /* Build configuration list for PBXProject "TesteCipher" */ = {
			isa = XCConfigurationList;
			buildConfigurations = (
				319EE2C21B384E05005CB637 /* Debug */,
				319EE2C31B384E05005CB637 /* Release */,
			);
			defaultConfigurationIsVisible = 0;
			defaultConfigurationName = Release;
		};
		319EE2C41B384E05005CB637 /* Build configuration list for PBXNativeTarget "TesteCipher" */ = {
			isa = XCConfigurationList;
			buildConfigurations = (
				319EE2C51B384E05005CB637 /* Debug */,
				319EE2C61B384E05005CB637 /* Release */,
			);
			defaultConfigurationIsVisible = 0;
		};
		319EE2C71B384E05005CB637 /* Build configuration list for PBXNativeTarget "TesteCipherTests" */ = {
			isa = XCConfigurationList;
			buildConfigurations = (
				319EE2C81B384E05005CB637 /* Debug */,
				319EE2C91B384E05005CB637 /* Release */,
			);
			defaultConfigurationIsVisible = 0;
		};
/* End XCConfigurationList section */
	};
	rootObject = 319EE2991B384E05005CB637 /* Project object */;
}
